
Microsoft Visual Studio Solution File, Format Version 12.00
# Visual Studio Version 17
VisualStudioVersion = 17.3.32929.385
MinimumVisualStudioVersion = 10.0.40219.1
Project("{FAE04EC0-301F-11D3-BF4B-00C04F79EFBC}") = "s3.demo.API", "s3.demo.API.csproj", "{0C5792CE-606D-4274-AA7B-F8DBFCAEE585}"
EndProject
Project("{FAE04EC0-301F-11D3-BF4B-00C04F79EFBC}") = "ConsoleApp1", "..\ConsoleApp1\ConsoleApp1.csproj", "{83A34165-0202-4166-AB22-9BDC9B7E720A}"
EndProject
Global
	GlobalSection(SolutionConfigurationPlatforms) = preSolution
		Debug|Any CPU = Debug|Any CPU
		Release|Any CPU = Release|Any CPU
	EndGlobalSection
	GlobalSection(ProjectConfigurationPlatforms) = postSolution
		{0C5792CE-606D-4274-AA7B-F8DBFCAEE585}.Debug|Any CPU.ActiveCfg = Debug|Any CPU
		{0C5792CE-606D-4274-AA7B-F8DBFCAEE585}.Debug|Any CPU.Build.0 = Debug|Any CPU
		{0C5792CE-606D-4274-AA7B-F8DBFCAEE585}.Release|Any CPU.ActiveCfg = Release|Any CPU
		{0C5792CE-606D-4274-AA7B-F8DBFCAEE585}.Release|Any CPU.Build.0 = Release|Any CPU
		{83A34165-0202-4166-AB22-9BDC9B7E720A}.Debug|Any CPU.ActiveCfg = Debug|Any CPU
		{83A34165-0202-4166-AB22-9BDC9B7E720A}.Debug|Any CPU.Build.0 = Debug|Any CPU
		{83A34165-0202-4166-AB22-9BDC9B7E720A}.Release|Any CPU.ActiveCfg = Release|Any CPU
		{83A34165-0202-4166-AB22-9BDC9B7E720A}.Release|Any CPU.Build.0 = Release|Any CPU
	EndGlobalSection
	GlobalSection(SolutionProperties) = preSolution
		HideSolutionNode = FALSE
	EndGlobalSection
	GlobalSection(ExtensibilityGlobals) = postSolution
		SolutionGuid = {A8652EB0-831A-4A51-8000-26BB44A0D8FC}
	EndGlobalSection
EndGlobal
